// !$*UTF8*$!
{
	archiveVersion = 1;
	classes = {
	};
	objectVersion = 52;
	objects = {

/* Begin PBXBuildFile section */
		BD2F182425DA1BF300F0C909 /* Guess_The_NumberApp.swift in Sources */ = {isa = PBXBuildFile; fileRef = BD2F182325DA1BF300F0C909 /* Guess_The_NumberApp.swift */; };
		BD2F182625DA1BF300F0C909 /* ContentView.swift in Sources */ = {isa = PBXBuildFile; fileRef = BD2F182525DA1BF300F0C909 /* ContentView.swift */; };
		BD2F182825DA1BF500F0C909 /* Assets.xcassets in Resources */ = {isa = PBXBuildFile; fileRef = BD2F182725DA1BF500F0C909 /* Assets.xcassets */; };
		BD2F182B25DA1BF500F0C909 /* Preview Assets.xcassets in Resources */ = {isa = PBXBuildFile; fileRef = BD2F182A25DA1BF500F0C909 /* Preview Assets.xcassets */; };
		BD8C100525F9998E00385880 /* iTunesResults.swift in Sources */ = {isa = PBXBuildFile; fileRef = BD8C100425F9998E00385880 /* iTunesResults.swift */; };
		BD8C103025FC268E00385880 /* URLImage in Frameworks */ = {isa = PBXBuildFile; productRef = BD8C102F25FC268E00385880 /* URLImage */; };
		BD8C103325FD2C9000385880 /* HighScoreView.swift in Sources */ = {isa = PBXBuildFile; fileRef = BD8C103225FD2C9000385880 /* HighScoreView.swift */; };
		BD8C103825FD959600385880 /* GameView.swift in Sources */ = {isa = PBXBuildFile; fileRef = BD8C103725FD959600385880 /* GameView.swift */; };
		BDBDA21825F599AB00455F5C /* Main.swift in Sources */ = {isa = PBXBuildFile; fileRef = BDBDA21725F599AB00455F5C /* Main.swift */; };
		BDBDA22125F6BF9600455F5C /* winner.json in Resources */ = {isa = PBXBuildFile; fileRef = BDBDA22025F6BF9600455F5C /* winner.json */; };
		BDBDA22525F6C1B400455F5C /* Lottie in Frameworks */ = {isa = PBXBuildFile; productRef = BDBDA22425F6C1B400455F5C /* Lottie */; };
		BDBDA22825F6C38000455F5C /* LottieView.swift in Sources */ = {isa = PBXBuildFile; fileRef = BDBDA22725F6C38000455F5C /* LottieView.swift */; };
		BDBDA22E25F6C88C00455F5C /* tryagain.json in Resources */ = {isa = PBXBuildFile; fileRef = BDBDA22D25F6C88C00455F5C /* tryagain.json */; };
		BDBDA23225F6CA7000455F5C /* questionmark.json in Resources */ = {isa = PBXBuildFile; fileRef = BDBDA23125F6CA7000455F5C /* questionmark.json */; };
		BDBDA23525F7107000455F5C /* TestView.swift in Sources */ = {isa = PBXBuildFile; fileRef = BDBDA23425F7107000455F5C /* TestView.swift */; };
/* End PBXBuildFile section */

/* Begin PBXFileReference section */
		BD2F182025DA1BF300F0C909 /* Guess The Number.app */ = {isa = PBXFileReference; explicitFileType = wrapper.application; includeInIndex = 0; path = "Guess The Number.app"; sourceTree = BUILT_PRODUCTS_DIR; };
		BD2F182325DA1BF300F0C909 /* Guess_The_NumberApp.swift */ = {isa = PBXFileReference; lastKnownFileType = sourcecode.swift; path = Guess_The_NumberApp.swift; sourceTree = "<group>"; };
		BD2F182525DA1BF300F0C909 /* ContentView.swift */ = {isa = PBXFileReference; lastKnownFileType = sourcecode.swift; path = ContentView.swift; sourceTree = "<group>"; };
		BD2F182725DA1BF500F0C909 /* Assets.xcassets */ = {isa = PBXFileReference; lastKnownFileType = folder.assetcatalog; path = Assets.xcassets; sourceTree = "<group>"; };
		BD2F182A25DA1BF500F0C909 /* Preview Assets.xcassets */ = {isa = PBXFileReference; lastKnownFileType = folder.assetcatalog; path = "Preview Assets.xcassets"; sourceTree = "<group>"; };
		BD2F182C25DA1BF500F0C909 /* Info.plist */ = {isa = PBXFileReference; lastKnownFileType = text.plist.xml; path = Info.plist; sourceTree = "<group>"; };
		BD8C100425F9998E00385880 /* iTunesResults.swift */ = {isa = PBXFileReference; lastKnownFileType = sourcecode.swift; path = iTunesResults.swift; sourceTree = "<group>"; };
		BD8C103225FD2C9000385880 /* HighScoreView.swift */ = {isa = PBXFileReference; lastKnownFileType = sourcecode.swift; path = HighScoreView.swift; sourceTree = "<group>"; };
		BD8C103725FD959600385880 /* GameView.swift */ = {isa = PBXFileReference; lastKnownFileType = sourcecode.swift; path = GameView.swift; sourceTree = "<group>"; };
		BDBDA21725F599AB00455F5C /* Main.swift */ = {isa = PBXFileReference; lastKnownFileType = sourcecode.swift; path = Main.swift; sourceTree = "<group>"; };
		BDBDA22025F6BF9600455F5C /* winner.json */ = {isa = PBXFileReference; fileEncoding = 4; lastKnownFileType = text.json; path = winner.json; sourceTree = "<group>"; };
		BDBDA22725F6C38000455F5C /* LottieView.swift */ = {isa = PBXFileReference; lastKnownFileType = sourcecode.swift; path = LottieView.swift; sourceTree = "<group>"; };
		BDBDA22D25F6C88C00455F5C /* tryagain.json */ = {isa = PBXFileReference; fileEncoding = 4; lastKnownFileType = text.json; path = tryagain.json; sourceTree = "<group>"; };
		BDBDA23125F6CA7000455F5C /* questionmark.json */ = {isa = PBXFileReference; fileEncoding = 4; lastKnownFileType = text.json; path = questionmark.json; sourceTree = "<group>"; };
		BDBDA23425F7107000455F5C /* TestView.swift */ = {isa = PBXFileReference; lastKnownFileType = sourcecode.swift; path = TestView.swift; sourceTree = "<group>"; };
/* End PBXFileReference section */

/* Begin PBXFrameworksBuildPhase section */
		BD2F181D25DA1BF300F0C909 /* Frameworks */ = {
			isa = PBXFrameworksBuildPhase;
			buildActionMask = 2147483647;
			files = (
				BD8C103025FC268E00385880 /* URLImage in Frameworks */,
				BDBDA22525F6C1B400455F5C /* Lottie in Frameworks */,
			);
			runOnlyForDeploymentPostprocessing = 0;
		};
/* End PBXFrameworksBuildPhase section */

/* Begin PBXGroup section */
		BD2F181725DA1BF300F0C909 = {
			isa = PBXGroup;
			children = (
				BD2F182225DA1BF300F0C909 /* Guess The Number */,
				BD2F182125DA1BF300F0C909 /* Products */,
			);
			sourceTree = "<group>";
		};
		BD2F182125DA1BF300F0C909 /* Products */ = {
			isa = PBXGroup;
			children = (
				BD2F182025DA1BF300F0C909 /* Guess The Number.app */,
			);
			name = Products;
			sourceTree = "<group>";
		};
		BD2F182225DA1BF300F0C909 /* Guess The Number */ = {
			isa = PBXGroup;
			children = (
				BDBDA21B25F69C6C00455F5C /* LottieFiles */,
				BD2F182325DA1BF300F0C909 /* Guess_The_NumberApp.swift */,
				BD2F182525DA1BF300F0C909 /* ContentView.swift */,
				BDBDA22725F6C38000455F5C /* LottieView.swift */,
				BDBDA21725F599AB00455F5C /* Main.swift */,
				BD8C103225FD2C9000385880 /* HighScoreView.swift */,
				BD8C103725FD959600385880 /* GameView.swift */,
				BD2F182725DA1BF500F0C909 /* Assets.xcassets */,
				BD2F182C25DA1BF500F0C909 /* Info.plist */,
				BD2F182925DA1BF500F0C909 /* Preview Content */,
				BDBDA23425F7107000455F5C /* TestView.swift */,
				BD8C100425F9998E00385880 /* iTunesResults.swift */,
			);
			path = "Guess The Number";
			sourceTree = "<group>";
		};
		BD2F182925DA1BF500F0C909 /* Preview Content */ = {
			isa = PBXGroup;
			children = (
				BD2F182A25DA1BF500F0C909 /* Preview Assets.xcassets */,
			);
			path = "Preview Content";
			sourceTree = "<group>";
		};
		BDBDA21B25F69C6C00455F5C /* LottieFiles */ = {
			isa = PBXGroup;
			children = (
				BDBDA22025F6BF9600455F5C /* winner.json */,
				BDBDA23125F6CA7000455F5C /* questionmark.json */,
				BDBDA22D25F6C88C00455F5C /* tryagain.json */,
			);
			path = LottieFiles;
			sourceTree = "<group>";
		};
/* End PBXGroup section */

/* Begin PBXNativeTarget section */
		BD2F181F25DA1BF300F0C909 /* Guess The Number */ = {
			isa = PBXNativeTarget;
			buildConfigurationList = BD2F182F25DA1BF500F0C909 /* Build configuration list for PBXNativeTarget "Guess The Number" */;
			buildPhases = (
				BD2F181C25DA1BF300F0C909 /* Sources */,
				BD2F181D25DA1BF300F0C909 /* Frameworks */,
				BD2F181E25DA1BF300F0C909 /* Resources */,
			);
			buildRules = (
			);
			dependencies = (
			);
			name = "Guess The Number";
			packageProductDependencies = (
				BDBDA22425F6C1B400455F5C /* Lottie */,
				BD8C102F25FC268E00385880 /* URLImage */,
			);
			productName = "Guess The Number";
			productReference = BD2F182025DA1BF300F0C909 /* Guess The Number.app */;
			productType = "com.apple.product-type.application";
		};
/* End PBXNativeTarget section */

/* Begin PBXProject section */
		BD2F181825DA1BF300F0C909 /* Project object */ = {
			isa = PBXProject;
			attributes = {
				LastSwiftUpdateCheck = 1230;
				LastUpgradeCheck = 1230;
				TargetAttributes = {
					BD2F181F25DA1BF300F0C909 = {
						CreatedOnToolsVersion = 12.3;
					};
				};
			};
			buildConfigurationList = BD2F181B25DA1BF300F0C909 /* Build configuration list for PBXProject "Guess The Number" */;
			compatibilityVersion = "Xcode 9.3";
			developmentRegion = en;
			hasScannedForEncodings = 0;
			knownRegions = (
				en,
				Base,
			);
			mainGroup = BD2F181725DA1BF300F0C909;
			packageReferences = (
				BDBDA22325F6C1B400455F5C /* XCRemoteSwiftPackageReference "lottie-ios" */,
				BD8C102E25FC268E00385880 /* XCRemoteSwiftPackageReference "url-image" */,
			);
			productRefGroup = BD2F182125DA1BF300F0C909 /* Products */;
			projectDirPath = "";
			projectRoot = "";
			targets = (
				BD2F181F25DA1BF300F0C909 /* Guess The Number */,
			);
		};
/* End PBXProject section */

/* Begin PBXResourcesBuildPhase section */
		BD2F181E25DA1BF300F0C909 /* Resources */ = {
			isa = PBXResourcesBuildPhase;
			buildActionMask = 2147483647;
			files = (
				BD2F182B25DA1BF500F0C909 /* Preview Assets.xcassets in Resources */,
				BDBDA22125F6BF9600455F5C /* winner.json in Resources */,
				BDBDA23225F6CA7000455F5C /* questionmark.json in Resources */,
				BD2F182825DA1BF500F0C909 /* Assets.xcassets in Resources */,
				BDBDA22E25F6C88C00455F5C /* tryagain.json in Resources */,
			);
			runOnlyForDeploymentPostprocessing = 0;
		};
/* End PBXResourcesBuildPhase section */

/* Begin PBXSourcesBuildPhase section */
		BD2F181C25DA1BF300F0C909 /* Sources */ = {
			isa = PBXSourcesBuildPhase;
			buildActionMask = 2147483647;
			files = (
				BD2F182625DA1BF300F0C909 /* ContentView.swift in Sources */,
				BDBDA23525F7107000455F5C /* TestView.swift in Sources */,
				BDBDA21825F599AB00455F5C /* Main.swift in Sources */,
				BD8C103325FD2C9000385880 /* HighScoreView.swift in Sources */,
				BD2F182425DA1BF300F0C909 /* Guess_The_NumberApp.swift in Sources */,
				BD8C100525F9998E00385880 /* iTunesResults.swift in Sources */,
				BD8C103825FD959600385880 /* GameView.swift in Sources */,
				BDBDA22825F6C38000455F5C /* LottieView.swift in Sources */,
			);
			runOnlyForDeploymentPostprocessing = 0;
		};
/* End PBXSourcesBuildPhase section */

/* Begin XCBuildConfiguration section */
		BD2F182D25DA1BF500F0C909 /* Debug */ = {
			isa = XCBuildConfiguration;
			buildSettings = {
				ALWAYS_SEARCH_USER_PATHS = NO;
				CLANG_ANALYZER_NONNULL = YES;
				CLANG_ANALYZER_NUMBER_OBJECT_CONVERSION = YES_AGGRESSIVE;
				CLANG_CXX_LANGUAGE_STANDARD = "gnu++14";
				CLANG_CXX_LIBRARY = "libc++";
				CLANG_ENABLE_MODULES = YES;
				CLANG_ENABLE_OBJC_ARC = YES;
				CLANG_ENABLE_OBJC_WEAK = YES;
				CLANG_WARN_BLOCK_CAPTURE_AUTORELEASING = YES;
				CLANG_WARN_BOOL_CONVERSION = YES;
				CLANG_WARN_COMMA = YES;
				CLANG_WARN_CONSTANT_CONVERSION = YES;
				CLANG_WARN_DEPRECATED_OBJC_IMPLEMENTATIONS = YES;
				CLANG_WARN_DIRECT_OBJC_ISA_USAGE = YES_ERROR;
				CLANG_WARN_DOCUMENTATION_COMMENTS = YES;
				CLANG_WARN_EMPTY_BODY = YES;
				CLANG_WARN_ENUM_CONVERSION = YES;
				CLANG_WARN_INFINITE_RECURSION = YES;
				CLANG_WARN_INT_CONVERSION = YES;
				CLANG_WARN_NON_LITERAL_NULL_CONVERSION = YES;
				CLANG_WARN_OBJC_IMPLICIT_RETAIN_SELF = YES;
				CLANG_WARN_OBJC_LITERAL_CONVERSION = YES;
				CLANG_WARN_OBJC_ROOT_CLASS = YES_ERROR;
				CLANG_WARN_QUOTED_INCLUDE_IN_FRAMEWORK_HEADER = YES;
				CLANG_WARN_RANGE_LOOP_ANALYSIS = YES;
				CLANG_WARN_STRICT_PROTOTYPES = YES;
				CLANG_WARN_SUSPICIOUS_MOVE = YES;
				CLANG_WARN_UNGUARDED_AVAILABILITY = YES_AGGRESSIVE;
				CLANG_WARN_UNREACHABLE_CODE = YES;
				CLANG_WARN__DUPLICATE_METHOD_MATCH = YES;
				COPY_PHASE_STRIP = NO;
				DEBUG_INFORMATION_FORMAT = dwarf;
				ENABLE_STRICT_OBJC_MSGSEND = YES;
				ENABLE_TESTABILITY = YES;
				GCC_C_LANGUAGE_STANDARD = gnu11;
				GCC_DYNAMIC_NO_PIC = NO;
				GCC_NO_COMMON_BLOCKS = YES;
				GCC_OPTIMIZATION_LEVEL = 0;
				GCC_PREPROCESSOR_DEFINITIONS = (
					"DEBUG=1",
					"$(inherited)",
				);
				GCC_WARN_64_TO_32_BIT_CONVERSION = YES;
				GCC_WARN_ABOUT_RETURN_TYPE = YES_ERROR;
				GCC_WARN_UNDECLARED_SELECTOR = YES;
				GCC_WARN_UNINITIALIZED_AUTOS = YES_AGGRESSIVE;
				GCC_WARN_UNUSED_FUNCTION = YES;
				GCC_WARN_UNUSED_VARIABLE = YES;
				IPHONEOS_DEPLOYMENT_TARGET = 14.3;
				MTL_ENABLE_DEBUG_INFO = INCLUDE_SOURCE;
				MTL_FAST_MATH = YES;
				ONLY_ACTIVE_ARCH = YES;
				SDKROOT = iphoneos;
				SWIFT_ACTIVE_COMPILATION_CONDITIONS = DEBUG;
				SWIFT_OPTIMIZATION_LEVEL = "-Onone";
			};
			name = Debug;
		};
		BD2F182E25DA1BF500F0C909 /* Release */ = {
			isa = XCBuildConfiguration;
			buildSettings = {
				ALWAYS_SEARCH_USER_PATHS = NO;
				CLANG_ANALYZER_NONNULL = YES;
				CLANG_ANALYZER_NUMBER_OBJECT_CONVERSION = YES_AGGRESSIVE;
				CLANG_CXX_LANGUAGE_STANDARD = "gnu++14";
				CLANG_CXX_LIBRARY = "libc++";
				CLANG_ENABLE_MODULES = YES;
				CLANG_ENABLE_OBJC_ARC = YES;
				CLANG_ENABLE_OBJC_WEAK = YES;
				CLANG_WARN_BLOCK_CAPTURE_AUTORELEASING = YES;
				CLANG_WARN_BOOL_CONVERSION = YES;
				CLANG_WARN_COMMA = YES;
				CLANG_WARN_CONSTANT_CONVERSION = YES;
				CLANG_WARN_DEPRECATED_OBJC_IMPLEMENTATIONS = YES;
				CLANG_WARN_DIRECT_OBJC_ISA_USAGE = YES_ERROR;
				CLANG_WARN_DOCUMENTATION_COMMENTS = YES;
				CLANG_WARN_EMPTY_BODY = YES;
				CLANG_WARN_ENUM_CONVERSION = YES;
				CLANG_WARN_INFINITE_RECURSION = YES;
				CLANG_WARN_INT_CONVERSION = YES;
				CLANG_WARN_NON_LITERAL_NULL_CONVERSION = YES;
				CLANG_WARN_OBJC_IMPLICIT_RETAIN_SELF = YES;
				CLANG_WARN_OBJC_LITERAL_CONVERSION = YES;
				CLANG_WARN_OBJC_ROOT_CLASS = YES_ERROR;
				CLANG_WARN_QUOTED_INCLUDE_IN_FRAMEWORK_HEADER = YES;
				CLANG_WARN_RANGE_LOOP_ANALYSIS = YES;
				CLANG_WARN_STRICT_PROTOTYPES = YES;
				CLANG_WARN_SUSPICIOUS_MOVE = YES;
				CLANG_WARN_UNGUARDED_AVAILABILITY = YES_AGGRESSIVE;
				CLANG_WARN_UNREACHABLE_CODE = YES;
				CLANG_WARN__DUPLICATE_METHOD_MATCH = YES;
				COPY_PHASE_STRIP = NO;
				DEBUG_INFORMATION_FORMAT = "dwarf-with-dsym";
				ENABLE_NS_ASSERTIONS = NO;
				ENABLE_STRICT_OBJC_MSGSEND = YES;
				GCC_C_LANGUAGE_STANDARD = gnu11;
				GCC_NO_COMMON_BLOCKS = YES;
				GCC_WARN_64_TO_32_BIT_CONVERSION = YES;
				GCC_WARN_ABOUT_RETURN_TYPE = YES_ERROR;
				GCC_WARN_UNDECLARED_SELECTOR = YES;
				GCC_WARN_UNINITIALIZED_AUTOS = YES_AGGRESSIVE;
				GCC_WARN_UNUSED_FUNCTION = YES;
				GCC_WARN_UNUSED_VARIABLE = YES;
				IPHONEOS_DEPLOYMENT_TARGET = 14.3;
				MTL_ENABLE_DEBUG_INFO = NO;
				MTL_FAST_MATH = YES;
				SDKROOT = iphoneos;
				SWIFT_COMPILATION_MODE = wholemodule;
				SWIFT_OPTIMIZATION_LEVEL = "-O";
				VALIDATE_PRODUCT = YES;
			};
			name = Release;
		};
		BD2F183025DA1BF500F0C909 /* Debug */ = {
			isa = XCBuildConfiguration;
			buildSettings = {
				ASSETCATALOG_COMPILER_APPICON_NAME = AppIcon;
				ASSETCATALOG_COMPILER_GLOBAL_ACCENT_COLOR_NAME = AccentColor;
				CODE_SIGN_STYLE = Automatic;
				DEVELOPMENT_ASSET_PATHS = "\"Guess The Number/Preview Content\"";
				DEVELOPMENT_TEAM = P6Z3US2MCA;
				ENABLE_PREVIEWS = YES;
				INFOPLIST_FILE = "Guess The Number/Info.plist";
				IPHONEOS_DEPLOYMENT_TARGET = 14.0;
				LD_RUNPATH_SEARCH_PATHS = (
					"$(inherited)",
					"@executable_path/Frameworks",
				);
				PRODUCT_BUNDLE_IDENTIFIER = "com.guessthenumber.Guess-The-Number";
				PRODUCT_NAME = "$(TARGET_NAME)";
				SWIFT_VERSION = 5.0;
				TARGETED_DEVICE_FAMILY = "1,2";
			};
			name = Debug;
		};
		BD2F183125DA1BF500F0C909 /* Release */ = {
			isa = XCBuildConfiguration;
			buildSettings = {
				ASSETCATALOG_COMPILER_APPICON_NAME = AppIcon;
				ASSETCATALOG_COMPILER_GLOBAL_ACCENT_COLOR_NAME = AccentColor;
				CODE_SIGN_STYLE = Automatic;
				DEVELOPMENT_ASSET_PATHS = "\"Guess The Number/Preview Content\"";
				DEVELOPMENT_TEAM = P6Z3US2MCA;
				ENABLE_PREVIEWS = YES;
				INFOPLIST_FILE = "Guess The Number/Info.plist";
				IPHONEOS_DEPLOYMENT_TARGET = 14.0;
				LD_RUNPATH_SEARCH_PATHS = (
					"$(inherited)",
					"@executable_path/Frameworks",
				);
				PRODUCT_BUNDLE_IDENTIFIER = "com.guessthenumber.Guess-The-Number";
				PRODUCT_NAME = "$(TARGET_NAME)";
				SWIFT_VERSION = 5.0;
				TARGETED_DEVICE_FAMILY = "1,2";
			};
			name = Release;
		};
/* End XCBuildConfiguration section */

/* Begin XCConfigurationList section */
		BD2F181B25DA1BF300F0C909 /* Build configuration list for PBXProject "Guess The Number" */ = {
			isa = XCConfigurationList;
			buildConfigurations = (
				BD2F182D25DA1BF500F0C909 /* Debug */,
				BD2F182E25DA1BF500F0C909 /* Release */,
			);
			defaultConfigurationIsVisible = 0;
			defaultConfigurationName = Release;
		};
		BD2F182F25DA1BF500F0C909 /* Build configuration list for PBXNativeTarget "Guess The Number" */ = {
			isa = XCConfigurationList;
			buildConfigurations = (
				BD2F183025DA1BF500F0C909 /* Debug */,
				BD2F183125DA1BF500F0C909 /* Release */,
			);
			defaultConfigurationIsVisible = 0;
			defaultConfigurationName = Release;
		};
/* End XCConfigurationList section */

/* Begin XCRemoteSwiftPackageReference section */
		BD8C102E25FC268E00385880 /* XCRemoteSwiftPackageReference "url-image" */ = {
			isa = XCRemoteSwiftPackageReference;
			repositoryURL = "https://github.com/dmytro-anokhin/url-image";
			requirement = {
				kind = upToNextMajorVersion;
				minimumVersion = 2.2.3;
			};
		};
		BDBDA22325F6C1B400455F5C /* XCRemoteSwiftPackageReference "lottie-ios" */ = {
			isa = XCRemoteSwiftPackageReference;
			repositoryURL = "https://github.com/airbnb/lottie-ios";
			requirement = {
				kind = upToNextMajorVersion;
				minimumVersion = 3.2.1;
			};
		};
/* End XCRemoteSwiftPackageReference section */

/* Begin XCSwiftPackageProductDependency section */
		BD8C102F25FC268E00385880 /* URLImage */ = {
			isa = XCSwiftPackageProductDependency;
			package = BD8C102E25FC268E00385880 /* XCRemoteSwiftPackageReference "url-image" */;
			productName = URLImage;
		};
		BDBDA22425F6C1B400455F5C /* Lottie */ = {
			isa = XCSwiftPackageProductDependency;
			package = BDBDA22325F6C1B400455F5C /* XCRemoteSwiftPackageReference "lottie-ios" */;
			productName = Lottie;
		};
/* End XCSwiftPackageProductDependency section */
	};
	rootObject = BD2F181825DA1BF300F0C909 /* Project object */;
}
